
Microsoft Visual Studio Solution File, Format Version 12.00
# Visual Studio Version 16
VisualStudioVersion = 16.0.30717.126
MinimumVisualStudioVersion = 10.0.40219.1
Project("{FAE04EC0-301F-11D3-BF4B-00C04F79EFBC}") = "OCPEjemplos", "OCPEjemplos\OCPEjemplos.csproj", "{B1053914-C87D-40FE-B432-E4801FB275F9}"
EndProject
Project("{FAE04EC0-301F-11D3-BF4B-00C04F79EFBC}") = "OCPConsole", "OCPConsole\OCPConsole.csproj", "{0D4BB4CE-933A-4F4C-B61A-DD8310CD8045}"
EndProject
Global
	GlobalSection(SolutionConfigurationPlatforms) = preSolution
		Debug|Any CPU = Debug|Any CPU
		Release|Any CPU = Release|Any CPU
	EndGlobalSection
	GlobalSection(ProjectConfigurationPlatforms) = postSolution
		{B1053914-C87D-40FE-B432-E4801FB275F9}.Debug|Any CPU.ActiveCfg = Debug|Any CPU
		{B1053914-C87D-40FE-B432-E4801FB275F9}.Debug|Any CPU.Build.0 = Debug|Any CPU
		{B1053914-C87D-40FE-B432-E4801FB275F9}.Release|Any CPU.ActiveCfg = Release|Any CPU
		{B1053914-C87D-40FE-B432-E4801FB275F9}.Release|Any CPU.Build.0 = Release|Any CPU
		{0D4BB4CE-933A-4F4C-B61A-DD8310CD8045}.Debug|Any CPU.ActiveCfg = Debug|Any CPU
		{0D4BB4CE-933A-4F4C-B61A-DD8310CD8045}.Debug|Any CPU.Build.0 = Debug|Any CPU
		{0D4BB4CE-933A-4F4C-B61A-DD8310CD8045}.Release|Any CPU.ActiveCfg = Release|Any CPU
		{0D4BB4CE-933A-4F4C-B61A-DD8310CD8045}.Release|Any CPU.Build.0 = Release|Any CPU
	EndGlobalSection
	GlobalSection(SolutionProperties) = preSolution
		HideSolutionNode = FALSE
	EndGlobalSection
	GlobalSection(ExtensibilityGlobals) = postSolution
		SolutionGuid = {A57FB479-9E9E-40FC-BC62-95E2739EE3B6}
	EndGlobalSection
EndGlobal
